
Microsoft Visual Studio Solution File, Format Version 12.00
# Visual Studio Version 16
VisualStudioVersion = 16.0.30523.141
MinimumVisualStudioVersion = 10.0.40219.1
Project("{9A19103F-16F7-4668-BE54-9A1E7A4F7556}") = "HerenciaV01", "HerenciaV01\HerenciaV01.csproj", "{44ED788C-F86F-4DED-8822-25647F1DB729}"
EndProject
Project("{FAE04EC0-301F-11D3-BF4B-00C04F79EFBC}") = "ConsolaV01", "Prue\ConsolaV01.csproj", "{60BB1100-53FA-4FF9-B443-273A82333C3B}"
	ProjectSection(ProjectDependencies) = postProject
		{44ED788C-F86F-4DED-8822-25647F1DB729} = {44ED788C-F86F-4DED-8822-25647F1DB729}
		{7FCEF0E6-8289-4CAE-9A8B-9BB35DBC53DB} = {7FCEF0E6-8289-4CAE-9A8B-9BB35DBC53DB}
	EndProjectSection
EndProject
Project("{2150E333-8FDC-42A3-9474-1A3956D46DE8}") = "Solution Items", "Solution Items", "{5B8727A8-DDEF-4A81-BDDD-76C64771E381}"
	ProjectSection(SolutionItems) = preProject
		.gitignore = .gitignore
	EndProjectSection
EndProject
Project("{9A19103F-16F7-4668-BE54-9A1E7A4F7556}") = "ClaseAbstracta", "ClaseAbstracta\ClaseAbstracta.csproj", "{7FCEF0E6-8289-4CAE-9A8B-9BB35DBC53DB}"
EndProject
Project("{FAE04EC0-301F-11D3-BF4B-00C04F79EFBC}") = "PruebaFinal", "PruebaFinal\PruebaFinal.csproj", "{6D863740-09EB-4ED5-B003-F4EFEA4F475F}"
EndProject
Project("{FAE04EC0-301F-11D3-BF4B-00C04F79EFBC}") = "ConsolaV02", "HerenciaFinal\ConsolaV02.csproj", "{1B5E856C-0BB2-424C-89ED-2B5320F47C9A}"
	ProjectSection(ProjectDependencies) = postProject
		{6D863740-09EB-4ED5-B003-F4EFEA4F475F} = {6D863740-09EB-4ED5-B003-F4EFEA4F475F}
	EndProjectSection
EndProject
Global
	GlobalSection(SolutionConfigurationPlatforms) = preSolution
		Debug|Any CPU = Debug|Any CPU
		Release|Any CPU = Release|Any CPU
	EndGlobalSection
	GlobalSection(ProjectConfigurationPlatforms) = postSolution
		{44ED788C-F86F-4DED-8822-25647F1DB729}.Debug|Any CPU.ActiveCfg = Debug|Any CPU
		{44ED788C-F86F-4DED-8822-25647F1DB729}.Debug|Any CPU.Build.0 = Debug|Any CPU
		{44ED788C-F86F-4DED-8822-25647F1DB729}.Release|Any CPU.ActiveCfg = Release|Any CPU
		{44ED788C-F86F-4DED-8822-25647F1DB729}.Release|Any CPU.Build.0 = Release|Any CPU
		{60BB1100-53FA-4FF9-B443-273A82333C3B}.Debug|Any CPU.ActiveCfg = Debug|Any CPU
		{60BB1100-53FA-4FF9-B443-273A82333C3B}.Debug|Any CPU.Build.0 = Debug|Any CPU
		{60BB1100-53FA-4FF9-B443-273A82333C3B}.Release|Any CPU.ActiveCfg = Release|Any CPU
		{60BB1100-53FA-4FF9-B443-273A82333C3B}.Release|Any CPU.Build.0 = Release|Any CPU
		{7FCEF0E6-8289-4CAE-9A8B-9BB35DBC53DB}.Debug|Any CPU.ActiveCfg = Debug|Any CPU
		{7FCEF0E6-8289-4CAE-9A8B-9BB35DBC53DB}.Debug|Any CPU.Build.0 = Debug|Any CPU
		{7FCEF0E6-8289-4CAE-9A8B-9BB35DBC53DB}.Release|Any CPU.ActiveCfg = Release|Any CPU
		{7FCEF0E6-8289-4CAE-9A8B-9BB35DBC53DB}.Release|Any CPU.Build.0 = Release|Any CPU
		{6D863740-09EB-4ED5-B003-F4EFEA4F475F}.Debug|Any CPU.ActiveCfg = Debug|Any CPU
		{6D863740-09EB-4ED5-B003-F4EFEA4F475F}.Debug|Any CPU.Build.0 = Debug|Any CPU
		{6D863740-09EB-4ED5-B003-F4EFEA4F475F}.Release|Any CPU.ActiveCfg = Release|Any CPU
		{6D863740-09EB-4ED5-B003-F4EFEA4F475F}.Release|Any CPU.Build.0 = Release|Any CPU
		{1B5E856C-0BB2-424C-89ED-2B5320F47C9A}.Debug|Any CPU.ActiveCfg = Debug|Any CPU
		{1B5E856C-0BB2-424C-89ED-2B5320F47C9A}.Debug|Any CPU.Build.0 = Debug|Any CPU
		{1B5E856C-0BB2-424C-89ED-2B5320F47C9A}.Release|Any CPU.ActiveCfg = Release|Any CPU
		{1B5E856C-0BB2-424C-89ED-2B5320F47C9A}.Release|Any CPU.Build.0 = Release|Any CPU
	EndGlobalSection
	GlobalSection(SolutionProperties) = preSolution
		HideSolutionNode = FALSE
	EndGlobalSection
	GlobalSection(ExtensibilityGlobals) = postSolution
		SolutionGuid = {53D57D2A-E41E-4061-B898-90C0395FB709}
	EndGlobalSection
EndGlobal
